
Microsoft Visual Studio Solution File, Format Version 12.00
# Visual Studio 2013
VisualStudioVersion = 12.0.31101.0
MinimumVisualStudioVersion = 10.0.40219.1
Project("{FAE04EC0-301F-11D3-BF4B-00C04F79EFBC}") = "RBBudget.Main", "RBBudget.Main\RBBudget.Main.csproj", "{A37402D4-C243-437B-BBF2-185C6E225819}"
EndProject
Project("{FAE04EC0-301F-11D3-BF4B-00C04F79EFBC}") = "RBBudget.DataSource", "RBBudget.DataSource\RBBudget.DataSource.csproj", "{8DF5DC58-2D60-4338-8A1B-F07E9DC5C70B}"
EndProject
Global
	GlobalSection(SolutionConfigurationPlatforms) = preSolution
		Debug|Any CPU = Debug|Any CPU
		Release|Any CPU = Release|Any CPU
	EndGlobalSection
	GlobalSection(ProjectConfigurationPlatforms) = postSolution
		{A37402D4-C243-437B-BBF2-185C6E225819}.Debug|Any CPU.ActiveCfg = Debug|Any CPU
		{A37402D4-C243-437B-BBF2-185C6E225819}.Debug|Any CPU.Build.0 = Debug|Any CPU
		{A37402D4-C243-437B-BBF2-185C6E225819}.Release|Any CPU.ActiveCfg = Release|Any CPU
		{A37402D4-C243-437B-BBF2-185C6E225819}.Release|Any CPU.Build.0 = Release|Any CPU
		{8DF5DC58-2D60-4338-8A1B-F07E9DC5C70B}.Debug|Any CPU.ActiveCfg = Debug|Any CPU
		{8DF5DC58-2D60-4338-8A1B-F07E9DC5C70B}.Debug|Any CPU.Build.0 = Debug|Any CPU
		{8DF5DC58-2D60-4338-8A1B-F07E9DC5C70B}.Release|Any CPU.ActiveCfg = Release|Any CPU
		{8DF5DC58-2D60-4338-8A1B-F07E9DC5C70B}.Release|Any CPU.Build.0 = Release|Any CPU
	EndGlobalSection
	GlobalSection(SolutionProperties) = preSolution
		HideSolutionNode = FALSE
	EndGlobalSection
EndGlobal
